
Microsoft Visual Studio Solution File, Format Version 12.00
# Visual Studio Version 16
VisualStudioVersion = 16.0.29806.167
MinimumVisualStudioVersion = 10.0.40219.1
Project("{FAE04EC0-301F-11D3-BF4B-00C04F79EFBC}") = "CS_ASP_021Challange", "CS_ASP_021Challange.csproj", "{F115B878-2661-4B2C-A23B-ED4872AFFDF8}"
EndProject
Global
	GlobalSection(SolutionConfigurationPlatforms) = preSolution
		Debug|Any CPU = Debug|Any CPU
		Release|Any CPU = Release|Any CPU
	EndGlobalSection
	GlobalSection(ProjectConfigurationPlatforms) = postSolution
		{F115B878-2661-4B2C-A23B-ED4872AFFDF8}.Debug|Any CPU.ActiveCfg = Debug|Any CPU
		{F115B878-2661-4B2C-A23B-ED4872AFFDF8}.Debug|Any CPU.Build.0 = Debug|Any CPU
		{F115B878-2661-4B2C-A23B-ED4872AFFDF8}.Release|Any CPU.ActiveCfg = Release|Any CPU
		{F115B878-2661-4B2C-A23B-ED4872AFFDF8}.Release|Any CPU.Build.0 = Release|Any CPU
	EndGlobalSection
	GlobalSection(SolutionProperties) = preSolution
		HideSolutionNode = FALSE
	EndGlobalSection
	GlobalSection(ExtensibilityGlobals) = postSolution
		SolutionGuid = {9655A011-7BE2-4C08-B1A1-7E59C80648B8}
	EndGlobalSection
EndGlobal
